{
    "name": "helloworld",
    "version": "1.0.0",
    "lockfileVersion": 1,
    "requires": true,
    "dependencies": {
        "list": {
            "version": "2.0.16",
            "resolved": "https://registry.npmjs.org/list/-/list-2.0.16.tgz",
            "integrity": "sha512-A/hl9z2uM/VChZbxNvt5QOCZW4f+eKeW4gfJB1npoE0RKp3g18K3/38hm9kkpXK45niy/BTAVjW8IDHKyCxzkg=="
        }
    }
}
